{
  "name": "honeysql-page",
  "lockfileVersion": 3,
  "requires": true,
  "packages": {
    "": {
      "dependencies": {
        "@codemirror/autocomplete": "0.18.8",
        "@codemirror/closebrackets": "^0.18.0",
        "@codemirror/commands": "0.18.3",
        "@codemirror/comment": "0.18.1",
        "@codemirror/fold": "^0.18.1",
        "@codemirror/gutter": "^0.18.4",
        "@codemirror/highlight": "^0.18.4",
        "@codemirror/history": "^0.18.1",
        "@codemirror/language": "0.18.2",
        "@codemirror/lint": "0.18.4",
        "@codemirror/matchbrackets": "0.18.0",
        "@codemirror/rectangular-selection": "0.18.0",
        "@codemirror/search": "0.18.4",
        "@codemirror/state": "^0.18.7",
        "@codemirror/view": "^0.18.19",
        "lezer": "^0.13.5",
        "lezer-clojure": "0.1.10",
        "lezer-generator": "^0.13.4",
        "lezer-tree": "^0.13.2",
        "react": "^17.0.2",
        "react-dom": "^17.0.2",
        "react-highlight": "^0.14.0"
      },
      "devDependencies": {
        "shadow-cljs": "^3.1.8"
      }
    },
    "node_modules/@codemirror/autocomplete": {
      "version": "0.18.8",
      "resolved": "https://registry.npmjs.org/@codemirror/autocomplete/-/autocomplete-0.18.8.tgz",
      "integrity": "sha512-Va1Q763Vu/rVmIazru/ZnO2kkWVq6SlmMEjeD0qmxLAypyP6j/QNdpmaPDI1qb/+Mb9VFZBbac6a0aLTTi8qxQ==",
      "dependencies": {
        "@codemirror/language": "^0.18.0",
        "@codemirror/state": "^0.18.0",
        "@codemirror/text": "^0.18.0",
        "@codemirror/tooltip": "^0.18.4",
        "@codemirror/view": "^0.18.0",
        "lezer-tree": "^0.13.0"
      }
    },
    "node_modules/@codemirror/closebrackets": {
      "version": "0.18.0",
      "resolved": "https://registry.npmjs.org/@codemirror/closebrackets/-/closebrackets-0.18.0.tgz",
      "integrity": "sha512-O1RAgUkzF4nq/B8IyXenZKZ1rJi2Mc7I6y4IhWhELiTnjyQy7YdAthTsJ40mNr8kZ6gRbasYe3K7TraITElZJA==",
      "deprecated": "As of 0.20.0, this package has been merged into @codemirror/autocomplete",
      "dependencies": {
        "@codemirror/language": "^0.18.0",
        "@codemirror/rangeset": "^0.18.0",
        "@codemirror/state": "^0.18.0",
        "@codemirror/text": "^0.18.0",
        "@codemirror/view": "^0.18.0"
      }
    },
    "node_modules/@codemirror/commands": {
      "version": "0.18.3",
      "resolved": "https://registry.npmjs.org/@codemirror/commands/-/commands-0.18.3.tgz",
      "integrity": "sha512-nHYDG13qOirioXTAKmjl10W2L0eZ1ftvmTwvUTNY27UWVBPFSpk5zDXP3WqJ0mgMhQ4AOFLJaTjJEO3hmPComg==",
      "dependencies": {
        "@codemirror/language": "^0.18.0",
        "@codemirror/matchbrackets": "^0.18.0",
        "@codemirror/state": "^0.18.0",
        "@codemirror/text": "^0.18.0",
        "@codemirror/view": "^0.18.0",
        "lezer-tree": "^0.13.0"
      }
    },
    "node_modules/@codemirror/comment": {
      "version": "0.18.1",
      "resolved": "https://registry.npmjs.org/@codemirror/comment/-/comment-0.18.1.tgz",
      "integrity": "sha512-Inhqs0F24WE28Fcp1dBZghwixBGv1HDwY9MjE0d5tpMY/IPGI6uT30fGyHAXrir6hUqk7eJRkO4UYnODGOnoIA==",
      "deprecated": "As of 0.20.0, this package has been merged into @codemirror/commands",
      "dependencies": {
        "@codemirror/state": "^0.18.0",
        "@codemirror/text": "^0.18.0",
        "@codemirror/view": "^0.18.0"
      }
    },
    "node_modules/@codemirror/fold": {
      "version": "0.18.2",
      "resolved": "https://registry.npmjs.org/@codemirror/fold/-/fold-0.18.2.tgz",
      "integrity": "sha512-kkQ+stpUbOAU0ASPP9NW5uLLhe5LVC46m47zJUnWDlsT9rS5NZW6NDiWzrDlN8dWQT8fePzkMA174BG4tr2GJw==",
      "deprecated": "As of 0.20.0, this package has been merged into @codemirror/language",
      "dependencies": {
        "@codemirror/gutter": "^0.18.0",
        "@codemirror/language": "^0.18.0",
        "@codemirror/rangeset": "^0.18.0",
        "@codemirror/state": "^0.18.0",
        "@codemirror/view": "^0.18.0"
      }
    },
    "node_modules/@codemirror/gutter": {
      "version": "0.18.4",
      "resolved": "https://registry.npmjs.org/@codemirror/gutter/-/gutter-0.18.4.tgz",
      "integrity": "sha512-Sf2IWshMi9zwVVqpGmd2NRplY0qfrE2IiBEII9n2gB9M8hgIMg5GCyhdnsUDsOm0gcSut65W62vV7/DfYJHQCA==",
      "deprecated": "As of 0.20.0, this package has been merged into @codemirror/view",
      "dependencies": {
        "@codemirror/rangeset": "^0.18.3",
        "@codemirror/state": "^0.18.0",
        "@codemirror/view": "^0.18.0"
      }
    },
    "node_modules/@codemirror/highlight": {
      "version": "0.18.4",
      "resolved": "https://registry.npmjs.org/@codemirror/highlight/-/highlight-0.18.4.tgz",
      "integrity": "sha512-3azJntqWrShOIq/0kVcdMc9k7ACL0LQErgK+A6aWXmCj5Mx0gShq+Iajy8AMQ2zB0v3nhCBgFaniL1LLD5m5hQ==",
      "deprecated": "As of 0.20.0, this package has been split between @lezer/highlight and @codemirror/language",
      "dependencies": {
        "@codemirror/language": "^0.18.0",
        "@codemirror/rangeset": "^0.18.0",
        "@codemirror/state": "^0.18.0",
        "@codemirror/view": "^0.18.0",
        "lezer-tree": "^0.13.0",
        "style-mod": "^4.0.0"
      }
    },
    "node_modules/@codemirror/history": {
      "version": "0.18.1",
      "resolved": "https://registry.npmjs.org/@codemirror/history/-/history-0.18.1.tgz",
      "integrity": "sha512-Aad3p4zs6UYKCUMXYjh7cvPK0ajuL+rMib9yBZ61w81LLl6OkM31Xrn9J6CLJmPxCwP3OJFiqBmNSBQ05oIsTw==",
      "deprecated": "As of 0.20.0, this package has been merged into @codemirror/commands",
      "dependencies": {
        "@codemirror/state": "^0.18.3",
        "@codemirror/view": "^0.18.0"
      }
    },
    "node_modules/@codemirror/language": {
      "version": "0.18.2",
      "resolved": "https://registry.npmjs.org/@codemirror/language/-/language-0.18.2.tgz",
      "integrity": "sha512-2Kz0Xyfvt1Ex2KfTUcYZ3IBxpnFCqHaJijwZknGBT7JXv9dwbOPs9SfPfL4oxVuDIHZx8JTPfoV3LTTJrm8M3Q==",
      "dependencies": {
        "@codemirror/state": "^0.18.0",
        "@codemirror/text": "^0.18.0",
        "@codemirror/view": "^0.18.0",
        "lezer": "^0.13.4",
        "lezer-tree": "^0.13.0"
      }
    },
    "node_modules/@codemirror/lint": {
      "version": "0.18.4",
      "resolved": "https://registry.npmjs.org/@codemirror/lint/-/lint-0.18.4.tgz",
      "integrity": "sha512-H77qYfZOmo1kKf0ZQagzk/JRGVhIpwP0hq1TSO6DFC1WLjW6gcsFJO5NDMS86enm0KX0w4/IkA7PItz2mjmHhQ==",
      "dependencies": {
        "@codemirror/panel": "^0.18.1",
        "@codemirror/state": "^0.18.0",
        "@codemirror/tooltip": "^0.18.4",
        "@codemirror/view": "^0.18.0",
        "crelt": "^1.0.5"
      }
    },
    "node_modules/@codemirror/matchbrackets": {
      "version": "0.18.0",
      "resolved": "https://registry.npmjs.org/@codemirror/matchbrackets/-/matchbrackets-0.18.0.tgz",
      "integrity": "sha512-dPDopnZVkD54sSYdmQbyQbPdiuIA83p7XxX6Hp1ScEkOjukwCiFXiA/84x10FUTsQpUYp8bDzm7gwII119bGIw==",
      "deprecated": "As of 0.20.0, this package has been merged into @codemirror/language",
      "dependencies": {
        "@codemirror/language": "^0.18.0",
        "@codemirror/state": "^0.18.0",
        "@codemirror/view": "^0.18.0",
        "lezer-tree": "^0.13.0"
      }
    },
    "node_modules/@codemirror/panel": {
      "version": "0.18.2",
      "resolved": "https://registry.npmjs.org/@codemirror/panel/-/panel-0.18.2.tgz",
      "integrity": "sha512-ea/g2aAKtfmie1kD7C8GDutD/5u+uzRJr/varUiAbHKr1sAdjtz5xYvC3GBAMYMan1GOh0vD5zP1yEupJl3b3Q==",
      "deprecated": "As of 0.20.0, this package has been merged into @codemirror/view",
      "dependencies": {
        "@codemirror/state": "^0.18.0",
        "@codemirror/view": "^0.18.0"
      }
    },
    "node_modules/@codemirror/rangeset": {
      "version": "0.18.5",
      "resolved": "https://registry.npmjs.org/@codemirror/rangeset/-/rangeset-0.18.5.tgz",
      "integrity": "sha512-gvYniNeEbGRp74MM8EQ+0tylK85pVody4r4N5bs94msPwHQSKFkEmosl8tVmS0Z4e8gRtlB37m8/cWoRiuSz5Q==",
      "deprecated": "As of 0.20.0, this package has been merged into @codemirror/state",
      "dependencies": {
        "@codemirror/state": "^0.18.0"
      }
    },
    "node_modules/@codemirror/rectangular-selection": {
      "version": "0.18.0",
      "resolved": "https://registry.npmjs.org/@codemirror/rectangular-selection/-/rectangular-selection-0.18.0.tgz",
      "integrity": "sha512-BQ4pp2zhXCVZNqct5LtLR3AOWVseENBF/3oOgBmwsCKH7c11NfTqIqgWG5EW8NLOXp8HP8cDm3np8eWez0VkGQ==",
      "deprecated": "As of 0.20.0, this package has been merged into @codemirror/view",
      "dependencies": {
        "@codemirror/state": "^0.18.0",
        "@codemirror/text": "^0.18.0",
        "@codemirror/view": "^0.18.0"
      }
    },
    "node_modules/@codemirror/search": {
      "version": "0.18.4",
      "resolved": "https://registry.npmjs.org/@codemirror/search/-/search-0.18.4.tgz",
      "integrity": "sha512-3chVkMPzl+pTUSqtimTicebhti4SLpvkj03pQx2aPZScXxIiYuDk4cLdIJK9omjmO1+oycRKbOrqvG7iZJJwMg==",
      "dependencies": {
        "@codemirror/panel": "^0.18.1",
        "@codemirror/rangeset": "^0.18.0",
        "@codemirror/state": "^0.18.6",
        "@codemirror/text": "^0.18.0",
        "@codemirror/view": "^0.18.0",
        "crelt": "^1.0.5"
      }
    },
    "node_modules/@codemirror/state": {
      "version": "0.18.7",
      "resolved": "https://registry.npmjs.org/@codemirror/state/-/state-0.18.7.tgz",
      "integrity": "sha512-cVyTiAC9vv90NKmGOfNtBjyIem3BqKui1L5Hfcxurp8K9votQj2oH9COcgWPnQ2Xs64yC70tEuTt9DF1pj5PFQ==",
      "dependencies": {
        "@codemirror/text": "^0.18.0"
      }
    },
    "node_modules/@codemirror/text": {
      "version": "0.18.1",
      "resolved": "https://registry.npmjs.org/@codemirror/text/-/text-0.18.1.tgz",
      "integrity": "sha512-vjXs6mi1F418kucTPlFvnCt9glKnjtYssdXb8mm1oaY/F5O+tgGVepm9Z8F7AKWCQvW8Bns1D3uLz/DOIEywIw==",
      "deprecated": "As of 0.20.0, this package has been merged into @codemirror/state"
    },
    "node_modules/@codemirror/tooltip": {
      "version": "0.18.4",
      "resolved": "https://registry.npmjs.org/@codemirror/tooltip/-/tooltip-0.18.4.tgz",
      "integrity": "sha512-LDlDOSEfjoG24uapLN7exK3Z3JchYFKUwWqo1x/9YdlAkmD1ik7cMSQZboCquP1uJVcXhtbpKmaO6vENGVaarg==",
      "deprecated": "As of 0.20.0, this package has been merged into @codemirror/view",
      "dependencies": {
        "@codemirror/state": "^0.18.0",
        "@codemirror/view": "^0.18.0"
      }
    },
    "node_modules/@codemirror/view": {
      "version": "0.18.19",
      "resolved": "https://registry.npmjs.org/@codemirror/view/-/view-0.18.19.tgz",
      "integrity": "sha512-TmazVl8H3L+aYwlNb8xk6qADRb8KiYOO047pz51R4mGCg4Ja2siSjXktZgUvklsyWbUY7h9q+oAf4piH+mQZTw==",
      "dependencies": {
        "@codemirror/rangeset": "^0.18.2",
        "@codemirror/state": "^0.18.0",
        "@codemirror/text": "^0.18.1",
        "style-mod": "^4.0.0",
        "w3c-keyname": "^2.2.4"
      }
    },
    "node_modules/base64-js": {
      "version": "1.5.1",
      "resolved": "https://registry.npmjs.org/base64-js/-/base64-js-1.5.1.tgz",
      "integrity": "sha512-AKpaYlHn8t4SVbOHCy+b5+KKgvR4vrsD8vbvrbiQJps7fKDTkjkDry6ji0rUJjC0kzbNePLwzxq8iypo41qeWA==",
      "dev": true,
      "funding": [
        {
          "type": "github",
          "url": "https://github.com/sponsors/feross"
        },
        {
          "type": "patreon",
          "url": "https://www.patreon.com/feross"
        },
        {
          "type": "consulting",
          "url": "https://feross.org/support"
        }
      ],
      "license": "MIT"
    },
    "node_modules/buffer": {
      "version": "6.0.3",
      "resolved": "https://registry.npmjs.org/buffer/-/buffer-6.0.3.tgz",
      "integrity": "sha512-FTiCpNxtwiZZHEZbcbTIcZjERVICn9yq/pDFkTl95/AxzD1naBctN7YO68riM/gLSDY7sdrMby8hofADYuuqOA==",
      "dev": true,
      "funding": [
        {
          "type": "github",
          "url": "https://github.com/sponsors/feross"
        },
        {
          "type": "patreon",
          "url": "https://www.patreon.com/feross"
        },
        {
          "type": "consulting",
          "url": "https://feross.org/support"
        }
      ],
      "license": "MIT",
      "dependencies": {
        "base64-js": "^1.3.1",
        "ieee754": "^1.2.1"
      }
    },
    "node_modules/buffer-from": {
      "version": "1.1.2",
      "resolved": "https://registry.npmjs.org/buffer-from/-/buffer-from-1.1.2.tgz",
      "integrity": "sha512-E+XQCRwSbaaiChtv6k6Dwgc+bx+Bs6vuKJHHl5kox/BaKbhiXzqQOwK4cO22yElGp2OCmjwVhT3HmxgyPGnJfQ==",
      "dev": true,
      "license": "MIT"
    },
    "node_modules/crelt": {
      "version": "1.0.5",
      "resolved": "https://registry.npmjs.org/crelt/-/crelt-1.0.5.tgz",
      "integrity": "sha512-+BO9wPPi+DWTDcNYhr/W90myha8ptzftZT+LwcmUbbok0rcP/fequmFYCw8NMoH7pkAZQzU78b3kYrlua5a9eA=="
    },
    "node_modules/highlight.js": {
      "version": "10.7.3",
      "resolved": "https://registry.npmjs.org/highlight.js/-/highlight.js-10.7.3.tgz",
      "integrity": "sha512-tzcUFauisWKNHaRkN4Wjl/ZA07gENAjFl3J/c480dprkGTg5EQstgaNFqBfUqCq54kZRIEcreTsAgF/m2quD7A==",
      "engines": {
        "node": "*"
      }
    },
    "node_modules/ieee754": {
      "version": "1.2.1",
      "resolved": "https://registry.npmjs.org/ieee754/-/ieee754-1.2.1.tgz",
      "integrity": "sha512-dcyqhDvX1C46lXZcVqCpK+FtMRQVdIMN6/Df5js2zouUsqG7I6sFxitIC+7KYK29KdXOLHdu9zL4sFnoVQnqaA==",
      "dev": true,
      "funding": [
        {
          "type": "github",
          "url": "https://github.com/sponsors/feross"
        },
        {
          "type": "patreon",
          "url": "https://www.patreon.com/feross"
        },
        {
          "type": "consulting",
          "url": "https://feross.org/support"
        }
      ],
      "license": "BSD-3-Clause"
    },
    "node_modules/isexe": {
      "version": "3.1.1",
      "resolved": "https://registry.npmjs.org/isexe/-/isexe-3.1.1.tgz",
      "integrity": "sha512-LpB/54B+/2J5hqQ7imZHfdU31OlgQqx7ZicVlkm9kzg9/w8GKLEcFfJl/t7DCEDueOyBAD6zCCwTO6Fzs0NoEQ==",
      "dev": true,
      "license": "ISC",
      "engines": {
        "node": ">=16"
      }
    },
    "node_modules/js-tokens": {
      "version": "4.0.0",
      "resolved": "https://registry.npmjs.org/js-tokens/-/js-tokens-4.0.0.tgz",
      "integrity": "sha512-RdJUflcE3cUzKiMqQgsCu06FPu9UdIJO0beYbPhHN4k6apgJtifcoCtT9bcxOpYBtpD2kCM6Sbzg4CausW/PKQ=="
    },
    "node_modules/lezer": {
      "version": "0.13.5",
      "resolved": "https://registry.npmjs.org/lezer/-/lezer-0.13.5.tgz",
      "integrity": "sha512-cAiMQZGUo2BD8mpcz7Nv1TlKzWP7YIdIRrX41CiP5bk5t4GHxskOxWUx2iAOuHlz8dO+ivbuXr0J1bfHsWD+lQ==",
      "deprecated": "This package has been replaced by @lezer/lr",
      "dependencies": {
        "lezer-tree": "^0.13.2"
      }
    },
    "node_modules/lezer-clojure": {
      "version": "0.1.10",
      "resolved": "https://registry.npmjs.org/lezer-clojure/-/lezer-clojure-0.1.10.tgz",
      "integrity": "sha512-aBDffG323AyhNJXIXKb9joCVviiJqZ8LPfH/W6SwyLxyzfE71ze77uhXnxZjz0F4agsw/TXxImUan2DXQvZ41A==",
      "dependencies": {
        "lezer": "^0.13.0"
      }
    },
    "node_modules/lezer-generator": {
      "version": "0.13.4",
      "resolved": "https://registry.npmjs.org/lezer-generator/-/lezer-generator-0.13.4.tgz",
      "integrity": "sha512-pTWxEgw6U41jM/IwMbhPBPonrcQV5YYL3XoY4QPR7ibOjgo2RaF4wVrdabN1ILtBbGvtHZekTGyrbsqfKnMHMA==",
      "deprecated": "This package has been replaced by @lezer/generator",
      "dependencies": {
        "lezer": "^0.13.2"
      },
      "bin": {
        "lezer-generator": "dist/lezer-generator.cjs"
      }
    },
    "node_modules/lezer-tree": {
      "version": "0.13.2",
      "resolved": "https://registry.npmjs.org/lezer-tree/-/lezer-tree-0.13.2.tgz",
      "integrity": "sha512-15ZxW8TxVNAOkHIo43Iouv4zbSkQQ5chQHBpwXcD2bBFz46RB4jYLEEww5l1V0xyIx9U2clSyyrLes+hAUFrGQ==",
      "deprecated": "This package has been replaced by @lezer/common"
    },
    "node_modules/loose-envify": {
      "version": "1.4.0",
      "resolved": "https://registry.npmjs.org/loose-envify/-/loose-envify-1.4.0.tgz",
      "integrity": "sha512-lyuxPGr/Wfhrlem2CL/UcnUc1zcqKAImBDzukY7Y5F/yQiNdko6+fRLevlw1HgMySw7f611UIY408EtxRSoK3Q==",
      "dependencies": {
        "js-tokens": "^3.0.0 || ^4.0.0"
      },
      "bin": {
        "loose-envify": "cli.js"
      }
    },
    "node_modules/object-assign": {
      "version": "4.1.1",
      "resolved": "https://registry.npmjs.org/object-assign/-/object-assign-4.1.1.tgz",
      "integrity": "sha1-IQmtx5ZYh8/AXLvUQsrIv7s2CGM=",
      "engines": {
        "node": ">=0.10.0"
      }
    },
    "node_modules/process": {
      "version": "0.11.10",
      "resolved": "https://registry.npmjs.org/process/-/process-0.11.10.tgz",
      "integrity": "sha512-cdGef/drWFoydD1JsMzuFf8100nZl+GT+yacc2bEced5f9Rjk4z+WtFUTBu9PhOi9j/jfmBPu0mMEY4wIdAF8A==",
      "dev": true,
      "license": "MIT",
      "engines": {
        "node": ">= 0.6.0"
      }
    },
    "node_modules/react": {
      "version": "17.0.2",
      "resolved": "https://registry.npmjs.org/react/-/react-17.0.2.tgz",
      "integrity": "sha512-gnhPt75i/dq/z3/6q/0asP78D0u592D5L1pd7M8P+dck6Fu/jJeL6iVVK23fptSUZj8Vjf++7wXA8UNclGQcbA==",
      "dependencies": {
        "loose-envify": "^1.1.0",
        "object-assign": "^4.1.1"
      },
      "engines": {
        "node": ">=0.10.0"
      }
    },
    "node_modules/react-dom": {
      "version": "17.0.2",
      "resolved": "https://registry.npmjs.org/react-dom/-/react-dom-17.0.2.tgz",
      "integrity": "sha512-s4h96KtLDUQlsENhMn1ar8t2bEa+q/YAtj8pPPdIjPDGBDIVNsrD9aXNWqspUe6AzKCIG0C1HZZLqLV7qpOBGA==",
      "dependencies": {
        "loose-envify": "^1.1.0",
        "object-assign": "^4.1.1",
        "scheduler": "^0.20.2"
      },
      "peerDependencies": {
        "react": "17.0.2"
      }
    },
    "node_modules/react-highlight": {
      "version": "0.14.0",
      "resolved": "https://registry.npmjs.org/react-highlight/-/react-highlight-0.14.0.tgz",
      "integrity": "sha512-kWE+KXOXidS7SABhVopOgMnowbI3RAfeGZbnrduLNlWrYAED8sycL9l/Fvw3w0PFpIIawB7mRDnyhDcM/cIIGA==",
      "dependencies": {
        "highlight.js": "^10.5.0"
      },
      "peerDependencies": {
        "react": "^15.0.0 || ^16.0.0 || ^17.0.0",
        "react-dom": "^15.0.0 || ^16.0.0 || ^17.0.0"
      }
    },
    "node_modules/readline-sync": {
      "version": "1.4.10",
      "resolved": "https://registry.npmjs.org/readline-sync/-/readline-sync-1.4.10.tgz",
      "integrity": "sha512-gNva8/6UAe8QYepIQH/jQ2qn91Qj0B9sYjMBBs3QOB8F2CXcKgLxQaJRP76sWVRQt+QU+8fAkCbCvjjMFu7Ycw==",
      "dev": true,
      "engines": {
        "node": ">= 0.8.0"
      }
    },
    "node_modules/scheduler": {
      "version": "0.20.2",
      "resolved": "https://registry.npmjs.org/scheduler/-/scheduler-0.20.2.tgz",
      "integrity": "sha512-2eWfGgAqqWFGqtdMmcL5zCMK1U8KlXv8SQFGglL3CEtd0aDVDWgeF/YoCmvln55m5zSk3J/20hTaSBeSObsQDQ==",
      "dependencies": {
        "loose-envify": "^1.1.0",
        "object-assign": "^4.1.1"
      }
    },
    "node_modules/shadow-cljs": {
      "version": "3.1.8",
      "resolved": "https://registry.npmjs.org/shadow-cljs/-/shadow-cljs-3.1.8.tgz",
      "integrity": "sha512-RXx6rCbUQQ0imPyLjO/WIMFRoeXhWRvW3V7KI6H0Cx9+EyhhjMar4KGtYlZTczzht0QVMnJ1OOP+BtUxdw4KFw==",
      "dev": true,
      "license": "ISC",
      "dependencies": {
        "buffer": "^6.0.3",
        "process": "^0.11.10",
        "readline-sync": "^1.4.10",
        "shadow-cljs-jar": "1.3.4",
        "source-map-support": "^0.5.21",
        "which": "^5.0.0",
        "ws": "^8.18.1"
      },
      "bin": {
        "shadow-cljs": "cli/runner.js"
      },
      "engines": {
        "node": ">=6.0.0"
      }
    },
    "node_modules/shadow-cljs-jar": {
      "version": "1.3.4",
      "resolved": "https://registry.npmjs.org/shadow-cljs-jar/-/shadow-cljs-jar-1.3.4.tgz",
      "integrity": "sha512-cZB2pzVXBnhpJ6PQdsjO+j/MksR28mv4QD/hP/2y1fsIa9Z9RutYgh3N34FZ8Ktl4puAXaIGlct+gMCJ5BmwmA==",
      "dev": true,
      "license": "ISC"
    },
    "node_modules/source-map": {
      "version": "0.6.1",
      "resolved": "https://registry.npmjs.org/source-map/-/source-map-0.6.1.tgz",
      "integrity": "sha512-UjgapumWlbMhkBgzT7Ykc5YXUT46F0iKu8SGXq0bcwP5dz/h0Plj6enJqjz1Zbq2l5WaqYnrVbwWOWMyF3F47g==",
      "dev": true,
      "license": "BSD-3-Clause",
      "engines": {
        "node": ">=0.10.0"
      }
    },
    "node_modules/source-map-support": {
      "version": "0.5.21",
      "resolved": "https://registry.npmjs.org/source-map-support/-/source-map-support-0.5.21.tgz",
      "integrity": "sha512-uBHU3L3czsIyYXKX88fdrGovxdSCoTGDRZ6SYXtSRxLZUzHg5P/66Ht6uoUlHu9EZod+inXhKo3qQgwXUT/y1w==",
      "dev": true,
      "license": "MIT",
      "dependencies": {
        "buffer-from": "^1.0.0",
        "source-map": "^0.6.0"
      }
    },
    "node_modules/style-mod": {
      "version": "4.0.0",
      "resolved": "https://registry.npmjs.org/style-mod/-/style-mod-4.0.0.tgz",
      "integrity": "sha512-OPhtyEjyyN9x3nhPsu76f52yUGXiZcgvsrFVtvTkyGRQJ0XK+GPc6ov1z+lRpbeabka+MYEQxOYRnt5nF30aMw=="
    },
    "node_modules/w3c-keyname": {
      "version": "2.2.4",
      "resolved": "https://registry.npmjs.org/w3c-keyname/-/w3c-keyname-2.2.4.tgz",
      "integrity": "sha512-tOhfEwEzFLJzf6d1ZPkYfGj+FWhIpBux9ppoP3rlclw3Z0BZv3N7b7030Z1kYth+6rDuAsXUFr+d0VE6Ed1ikw=="
    },
    "node_modules/which": {
      "version": "5.0.0",
      "resolved": "https://registry.npmjs.org/which/-/which-5.0.0.tgz",
      "integrity": "sha512-JEdGzHwwkrbWoGOlIHqQ5gtprKGOenpDHpxE9zVR1bWbOtYRyPPHMe9FaP6x61CmNaTThSkb0DAJte5jD+DmzQ==",
      "dev": true,
      "license": "ISC",
      "dependencies": {
        "isexe": "^3.1.1"
      },
      "bin": {
        "node-which": "bin/which.js"
      },
      "engines": {
        "node": "^18.17.0 || >=20.5.0"
      }
    },
    "node_modules/ws": {
      "version": "8.18.3",
      "resolved": "https://registry.npmjs.org/ws/-/ws-8.18.3.tgz",
      "integrity": "sha512-PEIGCY5tSlUt50cqyMXfCzX+oOPqN0vuGqWzbcJ2xvnkzkq46oOpz7dQaTDBdfICb4N14+GARUDw2XV2N4tvzg==",
      "dev": true,
      "license": "MIT",
      "engines": {
        "node": ">=10.0.0"
      },
      "peerDependencies": {
        "bufferutil": "^4.0.1",
        "utf-8-validate": ">=5.0.2"
      },
      "peerDependenciesMeta": {
        "bufferutil": {
          "optional": true
        },
        "utf-8-validate": {
          "optional": true
        }
      }
    }
  }
}
